
Microsoft Visual Studio Solution File, Format Version 11.00
# Visual Studio 2010
Project("{FAE04EC0-301F-11D3-BF4B-00C04F79EFBC}") = "Balder", "..\Balder\Balder\Balder.csproj", "{D2B4E7C7-0524-4DE5-9D62-2DE05682A74D}"
EndProject
Project("{FAE04EC0-301F-11D3-BF4B-00C04F79EFBC}") = "Blueprints", "..\Blueprints.NET\Blueprints\Blueprints.csproj", "{47FA1E7C-8C47-493D-A371-91A15D53BC95}"
EndProject
Project("{FAE04EC0-301F-11D3-BF4B-00C04F79EFBC}") = "Hermod", "..\Hermod\Hermod\Hermod.csproj", "{477EFD16-3627-4473-957D-44CA9A9DFB79}"
EndProject
Project("{FAE04EC0-301F-11D3-BF4B-00C04F79EFBC}") = "HTML5Demo", "HTML5Demo\HTML5Demo.csproj", "{6D7114CF-76C9-4337-974A-D59DB0A23B72}"
EndProject
Project("{FAE04EC0-301F-11D3-BF4B-00C04F79EFBC}") = "LokiHTML5", "LokiHTML5\LokiHTML5.csproj", "{1555E073-7EE7-4A62-852C-8D498184D43D}"
EndProject
Project("{2150E333-8FDC-42A3-9474-1A3956D46DE8}") = "Dependencies", "Dependencies", "{ECF48D70-4A13-43A9-9979-8CAD936B5AB1}"
EndProject
Project("{FAE04EC0-301F-11D3-BF4B-00C04F79EFBC}") = "PropertyGraphs", "..\Blueprints.NET\PropertyGraphs\PropertyGraphs.csproj", "{562AC94F-60EA-4911-8C62-684F02867783}"
EndProject
Project("{FAE04EC0-301F-11D3-BF4B-00C04F79EFBC}") = "Styx", "..\Styx\Styx\Styx.csproj", "{3949790D-8591-4101-9E4D-CE7A758E7409}"
EndProject
Project("{FAE04EC0-301F-11D3-BF4B-00C04F79EFBC}") = "Commons", "..\Illias\Commons\Commons.csproj", "{16C85DF8-5DE6-4A9F-9FC7-7CA5B0440DF3}"
EndProject
Project("{FAE04EC0-301F-11D3-BF4B-00C04F79EFBC}") = "Geometry", "..\Illias\Geometry\Geometry.csproj", "{9F38DCC9-CD80-4B71-8A9C-B3F37E471CAB}"
EndProject
Project("{FAE04EC0-301F-11D3-BF4B-00C04F79EFBC}") = "Eunomia", "..\Eunomia\Eunomia\Eunomia.csproj", "{1DF1A588-33B1-4168-9487-604FE5680681}"
EndProject
Project("{FAE04EC0-301F-11D3-BF4B-00C04F79EFBC}") = "MonoCompilerAsAService", "..\..\ahzf\MonoCompilerAsAService\MonoCompilerAsAService\MonoCompilerAsAService.csproj", "{A2ABC2B4-28D1-47B1-8EF9-6E8C60215515}"
EndProject
Project("{FAE04EC0-301F-11D3-BF4B-00C04F79EFBC}") = "MonoCSharp", "..\..\ahzf\MonoCompilerAsAService\MonoCSharp\MonoCSharp.csproj", "{322FD822-7722-4176-A7D7-CD8D36488DB9}"
EndProject
Project("{2150E333-8FDC-42A3-9474-1A3956D46DE8}") = "Graphs", "Graphs", "{1F6E5294-6655-456A-BC02-BC44DA0E02E5}"
EndProject
Project("{2150E333-8FDC-42A3-9474-1A3956D46DE8}") = "Networking", "Networking", "{E79EA82D-417B-4606-8A10-D9EB1DC7EA5D}"
EndProject
Project("{2150E333-8FDC-42A3-9474-1A3956D46DE8}") = "Mono", "Mono", "{B3CC5DB3-B21F-463D-A627-12200D6B1C2A}"
EndProject
Project("{FAE04EC0-301F-11D3-BF4B-00C04F79EFBC}") = "HermodHTTPServer", "..\Hermod\HermodHTTPServer\HermodHTTPServer.csproj", "{9CE48DAC-0512-4947-942B-EF4C42C52B47}"
EndProject
Project("{FAE04EC0-301F-11D3-BF4B-00C04F79EFBC}") = "HermodHTTP", "..\Hermod\HermodHTTP\HermodHTTP.csproj", "{9A00BD39-1385-4DB4-8F38-363BB947CCB4}"
EndProject
Project("{FAE04EC0-301F-11D3-BF4B-00C04F79EFBC}") = "BifrostHTTPServer", "..\Bifrost\BifrostHTTPServer\BifrostHTTPServer.csproj", "{DC46B5EF-ECC5-465E-B1C4-85596343A03F}"
EndProject
Project("{FAE04EC0-301F-11D3-BF4B-00C04F79EFBC}") = "Bifrost", "..\Bifrost\Bifrost\Bifrost.csproj", "{F6FA73F9-14B4-4033-AAFE-9BFA66BD98F5}"
EndProject
Global
	GlobalSection(SolutionConfigurationPlatforms) = preSolution
		Debug|Any CPU = Debug|Any CPU
		Debug|Mixed Platforms = Debug|Mixed Platforms
		Debug|x86 = Debug|x86
		Release|Any CPU = Release|Any CPU
		Release|Mixed Platforms = Release|Mixed Platforms
		Release|x86 = Release|x86
	EndGlobalSection
	GlobalSection(ProjectConfigurationPlatforms) = postSolution
		{D2B4E7C7-0524-4DE5-9D62-2DE05682A74D}.Debug|Any CPU.ActiveCfg = Debug|Any CPU
		{D2B4E7C7-0524-4DE5-9D62-2DE05682A74D}.Debug|Any CPU.Build.0 = Debug|Any CPU
		{D2B4E7C7-0524-4DE5-9D62-2DE05682A74D}.Debug|Mixed Platforms.ActiveCfg = Debug|Any CPU
		{D2B4E7C7-0524-4DE5-9D62-2DE05682A74D}.Debug|Mixed Platforms.Build.0 = Debug|Any CPU
		{D2B4E7C7-0524-4DE5-9D62-2DE05682A74D}.Debug|x86.ActiveCfg = Debug|Any CPU
		{D2B4E7C7-0524-4DE5-9D62-2DE05682A74D}.Release|Any CPU.ActiveCfg = Release|Any CPU
		{D2B4E7C7-0524-4DE5-9D62-2DE05682A74D}.Release|Any CPU.Build.0 = Release|Any CPU
		{D2B4E7C7-0524-4DE5-9D62-2DE05682A74D}.Release|Mixed Platforms.ActiveCfg = Release|Any CPU
		{D2B4E7C7-0524-4DE5-9D62-2DE05682A74D}.Release|Mixed Platforms.Build.0 = Release|Any CPU
		{D2B4E7C7-0524-4DE5-9D62-2DE05682A74D}.Release|x86.ActiveCfg = Release|Any CPU
		{47FA1E7C-8C47-493D-A371-91A15D53BC95}.Debug|Any CPU.ActiveCfg = Debug|Any CPU
		{47FA1E7C-8C47-493D-A371-91A15D53BC95}.Debug|Any CPU.Build.0 = Debug|Any CPU
		{47FA1E7C-8C47-493D-A371-91A15D53BC95}.Debug|Mixed Platforms.ActiveCfg = Debug|Any CPU
		{47FA1E7C-8C47-493D-A371-91A15D53BC95}.Debug|Mixed Platforms.Build.0 = Debug|Any CPU
		{47FA1E7C-8C47-493D-A371-91A15D53BC95}.Debug|x86.ActiveCfg = Debug|Any CPU
		{47FA1E7C-8C47-493D-A371-91A15D53BC95}.Release|Any CPU.ActiveCfg = Release|Any CPU
		{47FA1E7C-8C47-493D-A371-91A15D53BC95}.Release|Any CPU.Build.0 = Release|Any CPU
		{47FA1E7C-8C47-493D-A371-91A15D53BC95}.Release|Mixed Platforms.ActiveCfg = Release|Any CPU
		{47FA1E7C-8C47-493D-A371-91A15D53BC95}.Release|Mixed Platforms.Build.0 = Release|Any CPU
		{47FA1E7C-8C47-493D-A371-91A15D53BC95}.Release|x86.ActiveCfg = Release|Any CPU
		{477EFD16-3627-4473-957D-44CA9A9DFB79}.Debug|Any CPU.ActiveCfg = Debug|Any CPU
		{477EFD16-3627-4473-957D-44CA9A9DFB79}.Debug|Any CPU.Build.0 = Debug|Any CPU
		{477EFD16-3627-4473-957D-44CA9A9DFB79}.Debug|Mixed Platforms.ActiveCfg = Debug|Any CPU
		{477EFD16-3627-4473-957D-44CA9A9DFB79}.Debug|Mixed Platforms.Build.0 = Debug|Any CPU
		{477EFD16-3627-4473-957D-44CA9A9DFB79}.Debug|x86.ActiveCfg = Debug|Any CPU
		{477EFD16-3627-4473-957D-44CA9A9DFB79}.Release|Any CPU.ActiveCfg = Release|Any CPU
		{477EFD16-3627-4473-957D-44CA9A9DFB79}.Release|Any CPU.Build.0 = Release|Any CPU
		{477EFD16-3627-4473-957D-44CA9A9DFB79}.Release|Mixed Platforms.ActiveCfg = Release|Any CPU
		{477EFD16-3627-4473-957D-44CA9A9DFB79}.Release|Mixed Platforms.Build.0 = Release|Any CPU
		{477EFD16-3627-4473-957D-44CA9A9DFB79}.Release|x86.ActiveCfg = Release|Any CPU
		{6D7114CF-76C9-4337-974A-D59DB0A23B72}.Debug|Any CPU.ActiveCfg = Debug|Any CPU
		{6D7114CF-76C9-4337-974A-D59DB0A23B72}.Debug|Any CPU.Build.0 = Debug|Any CPU
		{6D7114CF-76C9-4337-974A-D59DB0A23B72}.Debug|Mixed Platforms.ActiveCfg = Debug|Any CPU
		{6D7114CF-76C9-4337-974A-D59DB0A23B72}.Debug|Mixed Platforms.Build.0 = Debug|Any CPU
		{6D7114CF-76C9-4337-974A-D59DB0A23B72}.Debug|x86.ActiveCfg = Debug|x86
		{6D7114CF-76C9-4337-974A-D59DB0A23B72}.Debug|x86.Build.0 = Debug|x86
		{6D7114CF-76C9-4337-974A-D59DB0A23B72}.Release|Any CPU.ActiveCfg = Release|Any CPU
		{6D7114CF-76C9-4337-974A-D59DB0A23B72}.Release|Any CPU.Build.0 = Release|Any CPU
		{6D7114CF-76C9-4337-974A-D59DB0A23B72}.Release|Mixed Platforms.ActiveCfg = Release|x86
		{6D7114CF-76C9-4337-974A-D59DB0A23B72}.Release|Mixed Platforms.Build.0 = Release|x86
		{6D7114CF-76C9-4337-974A-D59DB0A23B72}.Release|x86.ActiveCfg = Release|x86
		{6D7114CF-76C9-4337-974A-D59DB0A23B72}.Release|x86.Build.0 = Release|x86
		{1555E073-7EE7-4A62-852C-8D498184D43D}.Debug|Any CPU.ActiveCfg = Debug|Any CPU
		{1555E073-7EE7-4A62-852C-8D498184D43D}.Debug|Any CPU.Build.0 = Debug|Any CPU
		{1555E073-7EE7-4A62-852C-8D498184D43D}.Debug|Mixed Platforms.ActiveCfg = Debug|Any CPU
		{1555E073-7EE7-4A62-852C-8D498184D43D}.Debug|Mixed Platforms.Build.0 = Debug|Any CPU
		{1555E073-7EE7-4A62-852C-8D498184D43D}.Debug|x86.ActiveCfg = Debug|Any CPU
		{1555E073-7EE7-4A62-852C-8D498184D43D}.Release|Any CPU.ActiveCfg = Release|Any CPU
		{1555E073-7EE7-4A62-852C-8D498184D43D}.Release|Any CPU.Build.0 = Release|Any CPU
		{1555E073-7EE7-4A62-852C-8D498184D43D}.Release|Mixed Platforms.ActiveCfg = Release|Any CPU
		{1555E073-7EE7-4A62-852C-8D498184D43D}.Release|Mixed Platforms.Build.0 = Release|Any CPU
		{1555E073-7EE7-4A62-852C-8D498184D43D}.Release|x86.ActiveCfg = Release|Any CPU
		{562AC94F-60EA-4911-8C62-684F02867783}.Debug|Any CPU.ActiveCfg = Debug|Any CPU
		{562AC94F-60EA-4911-8C62-684F02867783}.Debug|Any CPU.Build.0 = Debug|Any CPU
		{562AC94F-60EA-4911-8C62-684F02867783}.Debug|Mixed Platforms.ActiveCfg = Debug|Any CPU
		{562AC94F-60EA-4911-8C62-684F02867783}.Debug|Mixed Platforms.Build.0 = Debug|Any CPU
		{562AC94F-60EA-4911-8C62-684F02867783}.Debug|x86.ActiveCfg = Debug|Any CPU
		{562AC94F-60EA-4911-8C62-684F02867783}.Release|Any CPU.ActiveCfg = Release|Any CPU
		{562AC94F-60EA-4911-8C62-684F02867783}.Release|Any CPU.Build.0 = Release|Any CPU
		{562AC94F-60EA-4911-8C62-684F02867783}.Release|Mixed Platforms.ActiveCfg = Release|Any CPU
		{562AC94F-60EA-4911-8C62-684F02867783}.Release|Mixed Platforms.Build.0 = Release|Any CPU
		{562AC94F-60EA-4911-8C62-684F02867783}.Release|x86.ActiveCfg = Release|Any CPU
		{3949790D-8591-4101-9E4D-CE7A758E7409}.Debug|Any CPU.ActiveCfg = Debug|Any CPU
		{3949790D-8591-4101-9E4D-CE7A758E7409}.Debug|Any CPU.Build.0 = Debug|Any CPU
		{3949790D-8591-4101-9E4D-CE7A758E7409}.Debug|Mixed Platforms.ActiveCfg = Debug|Any CPU
		{3949790D-8591-4101-9E4D-CE7A758E7409}.Debug|Mixed Platforms.Build.0 = Debug|Any CPU
		{3949790D-8591-4101-9E4D-CE7A758E7409}.Debug|x86.ActiveCfg = Debug|Any CPU
		{3949790D-8591-4101-9E4D-CE7A758E7409}.Release|Any CPU.ActiveCfg = Release|Any CPU
		{3949790D-8591-4101-9E4D-CE7A758E7409}.Release|Any CPU.Build.0 = Release|Any CPU
		{3949790D-8591-4101-9E4D-CE7A758E7409}.Release|Mixed Platforms.ActiveCfg = Release|Any CPU
		{3949790D-8591-4101-9E4D-CE7A758E7409}.Release|Mixed Platforms.Build.0 = Release|Any CPU
		{3949790D-8591-4101-9E4D-CE7A758E7409}.Release|x86.ActiveCfg = Release|Any CPU
		{16C85DF8-5DE6-4A9F-9FC7-7CA5B0440DF3}.Debug|Any CPU.ActiveCfg = Debug|Any CPU
		{16C85DF8-5DE6-4A9F-9FC7-7CA5B0440DF3}.Debug|Any CPU.Build.0 = Debug|Any CPU
		{16C85DF8-5DE6-4A9F-9FC7-7CA5B0440DF3}.Debug|Mixed Platforms.ActiveCfg = Debug|Any CPU
		{16C85DF8-5DE6-4A9F-9FC7-7CA5B0440DF3}.Debug|Mixed Platforms.Build.0 = Debug|Any CPU
		{16C85DF8-5DE6-4A9F-9FC7-7CA5B0440DF3}.Debug|x86.ActiveCfg = Debug|Any CPU
		{16C85DF8-5DE6-4A9F-9FC7-7CA5B0440DF3}.Release|Any CPU.ActiveCfg = Release|Any CPU
		{16C85DF8-5DE6-4A9F-9FC7-7CA5B0440DF3}.Release|Any CPU.Build.0 = Release|Any CPU
		{16C85DF8-5DE6-4A9F-9FC7-7CA5B0440DF3}.Release|Mixed Platforms.ActiveCfg = Release|Any CPU
		{16C85DF8-5DE6-4A9F-9FC7-7CA5B0440DF3}.Release|Mixed Platforms.Build.0 = Release|Any CPU
		{16C85DF8-5DE6-4A9F-9FC7-7CA5B0440DF3}.Release|x86.ActiveCfg = Release|Any CPU
		{9F38DCC9-CD80-4B71-8A9C-B3F37E471CAB}.Debug|Any CPU.ActiveCfg = Debug|Any CPU
		{9F38DCC9-CD80-4B71-8A9C-B3F37E471CAB}.Debug|Any CPU.Build.0 = Debug|Any CPU
		{9F38DCC9-CD80-4B71-8A9C-B3F37E471CAB}.Debug|Mixed Platforms.ActiveCfg = Debug|Any CPU
		{9F38DCC9-CD80-4B71-8A9C-B3F37E471CAB}.Debug|Mixed Platforms.Build.0 = Debug|Any CPU
		{9F38DCC9-CD80-4B71-8A9C-B3F37E471CAB}.Debug|x86.ActiveCfg = Debug|Any CPU
		{9F38DCC9-CD80-4B71-8A9C-B3F37E471CAB}.Release|Any CPU.ActiveCfg = Release|Any CPU
		{9F38DCC9-CD80-4B71-8A9C-B3F37E471CAB}.Release|Any CPU.Build.0 = Release|Any CPU
		{9F38DCC9-CD80-4B71-8A9C-B3F37E471CAB}.Release|Mixed Platforms.ActiveCfg = Release|Any CPU
		{9F38DCC9-CD80-4B71-8A9C-B3F37E471CAB}.Release|Mixed Platforms.Build.0 = Release|Any CPU
		{9F38DCC9-CD80-4B71-8A9C-B3F37E471CAB}.Release|x86.ActiveCfg = Release|Any CPU
		{1DF1A588-33B1-4168-9487-604FE5680681}.Debug|Any CPU.ActiveCfg = Debug|Any CPU
		{1DF1A588-33B1-4168-9487-604FE5680681}.Debug|Any CPU.Build.0 = Debug|Any CPU
		{1DF1A588-33B1-4168-9487-604FE5680681}.Debug|Mixed Platforms.ActiveCfg = Debug|Any CPU
		{1DF1A588-33B1-4168-9487-604FE5680681}.Debug|Mixed Platforms.Build.0 = Debug|Any CPU
		{1DF1A588-33B1-4168-9487-604FE5680681}.Debug|x86.ActiveCfg = Debug|Any CPU
		{1DF1A588-33B1-4168-9487-604FE5680681}.Release|Any CPU.ActiveCfg = Release|Any CPU
		{1DF1A588-33B1-4168-9487-604FE5680681}.Release|Any CPU.Build.0 = Release|Any CPU
		{1DF1A588-33B1-4168-9487-604FE5680681}.Release|Mixed Platforms.ActiveCfg = Release|Any CPU
		{1DF1A588-33B1-4168-9487-604FE5680681}.Release|Mixed Platforms.Build.0 = Release|Any CPU
		{1DF1A588-33B1-4168-9487-604FE5680681}.Release|x86.ActiveCfg = Release|Any CPU
		{A2ABC2B4-28D1-47B1-8EF9-6E8C60215515}.Debug|Any CPU.ActiveCfg = Debug|Any CPU
		{A2ABC2B4-28D1-47B1-8EF9-6E8C60215515}.Debug|Any CPU.Build.0 = Debug|Any CPU
		{A2ABC2B4-28D1-47B1-8EF9-6E8C60215515}.Debug|Mixed Platforms.ActiveCfg = Debug|Any CPU
		{A2ABC2B4-28D1-47B1-8EF9-6E8C60215515}.Debug|Mixed Platforms.Build.0 = Debug|Any CPU
		{A2ABC2B4-28D1-47B1-8EF9-6E8C60215515}.Debug|x86.ActiveCfg = Debug|Any CPU
		{A2ABC2B4-28D1-47B1-8EF9-6E8C60215515}.Release|Any CPU.ActiveCfg = Release|Any CPU
		{A2ABC2B4-28D1-47B1-8EF9-6E8C60215515}.Release|Any CPU.Build.0 = Release|Any CPU
		{A2ABC2B4-28D1-47B1-8EF9-6E8C60215515}.Release|Mixed Platforms.ActiveCfg = Release|Any CPU
		{A2ABC2B4-28D1-47B1-8EF9-6E8C60215515}.Release|Mixed Platforms.Build.0 = Release|Any CPU
		{A2ABC2B4-28D1-47B1-8EF9-6E8C60215515}.Release|x86.ActiveCfg = Release|Any CPU
		{322FD822-7722-4176-A7D7-CD8D36488DB9}.Debug|Any CPU.ActiveCfg = Debug|Any CPU
		{322FD822-7722-4176-A7D7-CD8D36488DB9}.Debug|Any CPU.Build.0 = Debug|Any CPU
		{322FD822-7722-4176-A7D7-CD8D36488DB9}.Debug|Mixed Platforms.ActiveCfg = Debug|Any CPU
		{322FD822-7722-4176-A7D7-CD8D36488DB9}.Debug|Mixed Platforms.Build.0 = Debug|Any CPU
		{322FD822-7722-4176-A7D7-CD8D36488DB9}.Debug|x86.ActiveCfg = Debug|Any CPU
		{322FD822-7722-4176-A7D7-CD8D36488DB9}.Release|Any CPU.ActiveCfg = Release|Any CPU
		{322FD822-7722-4176-A7D7-CD8D36488DB9}.Release|Any CPU.Build.0 = Release|Any CPU
		{322FD822-7722-4176-A7D7-CD8D36488DB9}.Release|Mixed Platforms.ActiveCfg = Release|Any CPU
		{322FD822-7722-4176-A7D7-CD8D36488DB9}.Release|Mixed Platforms.Build.0 = Release|Any CPU
		{322FD822-7722-4176-A7D7-CD8D36488DB9}.Release|x86.ActiveCfg = Release|Any CPU
		{9CE48DAC-0512-4947-942B-EF4C42C52B47}.Debug|Any CPU.ActiveCfg = Debug|Any CPU
		{9CE48DAC-0512-4947-942B-EF4C42C52B47}.Debug|Any CPU.Build.0 = Debug|Any CPU
		{9CE48DAC-0512-4947-942B-EF4C42C52B47}.Debug|Mixed Platforms.ActiveCfg = Debug|Any CPU
		{9CE48DAC-0512-4947-942B-EF4C42C52B47}.Debug|Mixed Platforms.Build.0 = Debug|Any CPU
		{9CE48DAC-0512-4947-942B-EF4C42C52B47}.Debug|x86.ActiveCfg = Debug|Any CPU
		{9CE48DAC-0512-4947-942B-EF4C42C52B47}.Release|Any CPU.ActiveCfg = Release|Any CPU
		{9CE48DAC-0512-4947-942B-EF4C42C52B47}.Release|Any CPU.Build.0 = Release|Any CPU
		{9CE48DAC-0512-4947-942B-EF4C42C52B47}.Release|Mixed Platforms.ActiveCfg = Release|Any CPU
		{9CE48DAC-0512-4947-942B-EF4C42C52B47}.Release|Mixed Platforms.Build.0 = Release|Any CPU
		{9CE48DAC-0512-4947-942B-EF4C42C52B47}.Release|x86.ActiveCfg = Release|Any CPU
		{9A00BD39-1385-4DB4-8F38-363BB947CCB4}.Debug|Any CPU.ActiveCfg = Debug|Any CPU
		{9A00BD39-1385-4DB4-8F38-363BB947CCB4}.Debug|Any CPU.Build.0 = Debug|Any CPU
		{9A00BD39-1385-4DB4-8F38-363BB947CCB4}.Debug|Mixed Platforms.ActiveCfg = Debug|Any CPU
		{9A00BD39-1385-4DB4-8F38-363BB947CCB4}.Debug|Mixed Platforms.Build.0 = Debug|Any CPU
		{9A00BD39-1385-4DB4-8F38-363BB947CCB4}.Debug|x86.ActiveCfg = Debug|Any CPU
		{9A00BD39-1385-4DB4-8F38-363BB947CCB4}.Release|Any CPU.ActiveCfg = Release|Any CPU
		{9A00BD39-1385-4DB4-8F38-363BB947CCB4}.Release|Any CPU.Build.0 = Release|Any CPU
		{9A00BD39-1385-4DB4-8F38-363BB947CCB4}.Release|Mixed Platforms.ActiveCfg = Release|Any CPU
		{9A00BD39-1385-4DB4-8F38-363BB947CCB4}.Release|Mixed Platforms.Build.0 = Release|Any CPU
		{9A00BD39-1385-4DB4-8F38-363BB947CCB4}.Release|x86.ActiveCfg = Release|Any CPU
		{DC46B5EF-ECC5-465E-B1C4-85596343A03F}.Debug|Any CPU.ActiveCfg = Debug|Any CPU
		{DC46B5EF-ECC5-465E-B1C4-85596343A03F}.Debug|Any CPU.Build.0 = Debug|Any CPU
		{DC46B5EF-ECC5-465E-B1C4-85596343A03F}.Debug|Mixed Platforms.ActiveCfg = Debug|Any CPU
		{DC46B5EF-ECC5-465E-B1C4-85596343A03F}.Debug|Mixed Platforms.Build.0 = Debug|Any CPU
		{DC46B5EF-ECC5-465E-B1C4-85596343A03F}.Debug|x86.ActiveCfg = Debug|Any CPU
		{DC46B5EF-ECC5-465E-B1C4-85596343A03F}.Release|Any CPU.ActiveCfg = Release|Any CPU
		{DC46B5EF-ECC5-465E-B1C4-85596343A03F}.Release|Any CPU.Build.0 = Release|Any CPU
		{DC46B5EF-ECC5-465E-B1C4-85596343A03F}.Release|Mixed Platforms.ActiveCfg = Release|Any CPU
		{DC46B5EF-ECC5-465E-B1C4-85596343A03F}.Release|Mixed Platforms.Build.0 = Release|Any CPU
		{DC46B5EF-ECC5-465E-B1C4-85596343A03F}.Release|x86.ActiveCfg = Release|Any CPU
		{F6FA73F9-14B4-4033-AAFE-9BFA66BD98F5}.Debug|Any CPU.ActiveCfg = Debug|Any CPU
		{F6FA73F9-14B4-4033-AAFE-9BFA66BD98F5}.Debug|Any CPU.Build.0 = Debug|Any CPU
		{F6FA73F9-14B4-4033-AAFE-9BFA66BD98F5}.Debug|Mixed Platforms.ActiveCfg = Debug|Any CPU
		{F6FA73F9-14B4-4033-AAFE-9BFA66BD98F5}.Debug|Mixed Platforms.Build.0 = Debug|Any CPU
		{F6FA73F9-14B4-4033-AAFE-9BFA66BD98F5}.Debug|x86.ActiveCfg = Debug|Any CPU
		{F6FA73F9-14B4-4033-AAFE-9BFA66BD98F5}.Release|Any CPU.ActiveCfg = Release|Any CPU
		{F6FA73F9-14B4-4033-AAFE-9BFA66BD98F5}.Release|Any CPU.Build.0 = Release|Any CPU
		{F6FA73F9-14B4-4033-AAFE-9BFA66BD98F5}.Release|Mixed Platforms.ActiveCfg = Release|Any CPU
		{F6FA73F9-14B4-4033-AAFE-9BFA66BD98F5}.Release|Mixed Platforms.Build.0 = Release|Any CPU
		{F6FA73F9-14B4-4033-AAFE-9BFA66BD98F5}.Release|x86.ActiveCfg = Release|Any CPU
	EndGlobalSection
	GlobalSection(SolutionProperties) = preSolution
		HideSolutionNode = FALSE
	EndGlobalSection
	GlobalSection(NestedProjects) = preSolution
		{1F6E5294-6655-456A-BC02-BC44DA0E02E5} = {ECF48D70-4A13-43A9-9979-8CAD936B5AB1}
		{E79EA82D-417B-4606-8A10-D9EB1DC7EA5D} = {ECF48D70-4A13-43A9-9979-8CAD936B5AB1}
		{3949790D-8591-4101-9E4D-CE7A758E7409} = {ECF48D70-4A13-43A9-9979-8CAD936B5AB1}
		{16C85DF8-5DE6-4A9F-9FC7-7CA5B0440DF3} = {ECF48D70-4A13-43A9-9979-8CAD936B5AB1}
		{B3CC5DB3-B21F-463D-A627-12200D6B1C2A} = {ECF48D70-4A13-43A9-9979-8CAD936B5AB1}
		{D2B4E7C7-0524-4DE5-9D62-2DE05682A74D} = {1F6E5294-6655-456A-BC02-BC44DA0E02E5}
		{562AC94F-60EA-4911-8C62-684F02867783} = {1F6E5294-6655-456A-BC02-BC44DA0E02E5}
		{9F38DCC9-CD80-4B71-8A9C-B3F37E471CAB} = {1F6E5294-6655-456A-BC02-BC44DA0E02E5}
		{1DF1A588-33B1-4168-9487-604FE5680681} = {1F6E5294-6655-456A-BC02-BC44DA0E02E5}
		{47FA1E7C-8C47-493D-A371-91A15D53BC95} = {1F6E5294-6655-456A-BC02-BC44DA0E02E5}
		{477EFD16-3627-4473-957D-44CA9A9DFB79} = {E79EA82D-417B-4606-8A10-D9EB1DC7EA5D}
		{9CE48DAC-0512-4947-942B-EF4C42C52B47} = {E79EA82D-417B-4606-8A10-D9EB1DC7EA5D}
		{9A00BD39-1385-4DB4-8F38-363BB947CCB4} = {E79EA82D-417B-4606-8A10-D9EB1DC7EA5D}
		{DC46B5EF-ECC5-465E-B1C4-85596343A03F} = {E79EA82D-417B-4606-8A10-D9EB1DC7EA5D}
		{F6FA73F9-14B4-4033-AAFE-9BFA66BD98F5} = {E79EA82D-417B-4606-8A10-D9EB1DC7EA5D}
		{322FD822-7722-4176-A7D7-CD8D36488DB9} = {B3CC5DB3-B21F-463D-A627-12200D6B1C2A}
		{A2ABC2B4-28D1-47B1-8EF9-6E8C60215515} = {B3CC5DB3-B21F-463D-A627-12200D6B1C2A}
	EndGlobalSection
EndGlobal
