
Microsoft Visual Studio Solution File, Format Version 11.00
# Visual Studio 2010
Project("{FAE04EC0-301F-11D3-BF4B-00C04F79EFBC}") = "Blueprints", "Vanaheimr\Blueprints.NET\Blueprints\Blueprints.csproj", "{47FA1E7C-8C47-493D-A371-91A15D53BC95}"
EndProject
Project("{FAE04EC0-301F-11D3-BF4B-00C04F79EFBC}") = "Hermod", "Vanaheimr\Hermod\Hermod\Hermod.csproj", "{477EFD16-3627-4473-957D-44CA9A9DFB79}"
EndProject
Project("{FAE04EC0-301F-11D3-BF4B-00C04F79EFBC}") = "LokiHTML5", "LokiHTML5\LokiHTML5.csproj", "{1555E073-7EE7-4A62-852C-8D498184D43D}"
EndProject
Project("{2150E333-8FDC-42A3-9474-1A3956D46DE8}") = "Dependencies", "Dependencies", "{ECF48D70-4A13-43A9-9979-8CAD936B5AB1}"
EndProject
Project("{FAE04EC0-301F-11D3-BF4B-00C04F79EFBC}") = "PropertyGraphs", "Vanaheimr\Blueprints.NET\PropertyGraphs\PropertyGraphs.csproj", "{562AC94F-60EA-4911-8C62-684F02867783}"
EndProject
Project("{FAE04EC0-301F-11D3-BF4B-00C04F79EFBC}") = "Styx", "Vanaheimr\Styx\Styx\Styx.csproj", "{3949790D-8591-4101-9E4D-CE7A758E7409}"
EndProject
Project("{FAE04EC0-301F-11D3-BF4B-00C04F79EFBC}") = "Commons", "Vanaheimr\Illias\Commons\Commons.csproj", "{16C85DF8-5DE6-4A9F-9FC7-7CA5B0440DF3}"
EndProject
Project("{FAE04EC0-301F-11D3-BF4B-00C04F79EFBC}") = "Geometry", "Vanaheimr\Illias\Geometry\Geometry.csproj", "{9F38DCC9-CD80-4B71-8A9C-B3F37E471CAB}"
EndProject
Project("{FAE04EC0-301F-11D3-BF4B-00C04F79EFBC}") = "Eunomia", "Vanaheimr\Eunomia\Eunomia\Eunomia.csproj", "{1DF1A588-33B1-4168-9487-604FE5680681}"
EndProject
Project("{2150E333-8FDC-42A3-9474-1A3956D46DE8}") = "Graphs", "Graphs", "{1F6E5294-6655-456A-BC02-BC44DA0E02E5}"
EndProject
Project("{2150E333-8FDC-42A3-9474-1A3956D46DE8}") = "Networking", "Networking", "{E79EA82D-417B-4606-8A10-D9EB1DC7EA5D}"
EndProject
Project("{FAE04EC0-301F-11D3-BF4B-00C04F79EFBC}") = "HermodHTTPServer", "Vanaheimr\Hermod\HermodHTTPServer\HermodHTTPServer.csproj", "{9CE48DAC-0512-4947-942B-EF4C42C52B47}"
EndProject
Project("{FAE04EC0-301F-11D3-BF4B-00C04F79EFBC}") = "HermodHTTP", "Vanaheimr\Hermod\HermodHTTP\HermodHTTP.csproj", "{9A00BD39-1385-4DB4-8F38-363BB947CCB4}"
EndProject
Project("{FAE04EC0-301F-11D3-BF4B-00C04F79EFBC}") = "BifrostHTTPServer", "Vanaheimr\Bifrost\BifrostHTTPServer\BifrostHTTPServer.csproj", "{DC46B5EF-ECC5-465E-B1C4-85596343A03F}"
EndProject
Project("{FAE04EC0-301F-11D3-BF4B-00C04F79EFBC}") = "Bifrost", "Vanaheimr\Bifrost\Bifrost\Bifrost.csproj", "{F6FA73F9-14B4-4033-AAFE-9BFA66BD98F5}"
EndProject
Project("{FAE04EC0-301F-11D3-BF4B-00C04F79EFBC}") = "HermodHTTPClient", "Vanaheimr\Hermod\HermodHTTPClient\HermodHTTPClient.csproj", "{0AB343E8-AA69-4685-9676-BFA27E418A20}"
EndProject
Project("{FAE04EC0-301F-11D3-BF4B-00C04F79EFBC}") = "HermodTests", "Vanaheimr\Hermod\HermodTests\HermodTests.csproj", "{8F1ABEE3-CFF0-47D6-A872-25112A74CCDA}"
EndProject
Project("{2150E333-8FDC-42A3-9474-1A3956D46DE8}") = "UnitTests", "UnitTests", "{8D9FA4FD-6E37-4226-B6E6-7FC302D114F7}"
EndProject
Project("{FAE04EC0-301F-11D3-BF4B-00C04F79EFBC}") = "BifrostHTTPClient", "Vanaheimr\Bifrost\BifrostHTTPClient\BifrostHTTPClient.csproj", "{EB31E37B-FA75-44FD-9528-171C9E7C3C37}"
EndProject
Project("{FAE04EC0-301F-11D3-BF4B-00C04F79EFBC}") = "BifrostTests", "Vanaheimr\Bifrost\BifrostTests\BifrostTests.csproj", "{3327427D-AFA0-4E8D-8136-424C4AC4C16D}"
EndProject
Project("{2150E333-8FDC-42A3-9474-1A3956D46DE8}") = "Dependencies", "Dependencies", "{7AAF0920-1D35-4DA0-8299-ECBEB0FE20EB}"
EndProject
Project("{FAE04EC0-301F-11D3-BF4B-00C04F79EFBC}") = "Jurassic", "Vanaheimr\Jurassic\Jurassic\Jurassic.csproj", "{9B109B9C-4B72-4BDB-B531-627D7E93011E}"
EndProject
Project("{FAE04EC0-301F-11D3-BF4B-00C04F79EFBC}") = "Balder", "Vanaheimr\Blueprints.NET\Balder\Balder.csproj", "{D2B4E7C7-0524-4DE5-9D62-2DE05682A74D}"
EndProject
Project("{FAE04EC0-301F-11D3-BF4B-00C04F79EFBC}") = "BifrostMulticast", "Vanaheimr\Bifrost\BifrostMulticast\BifrostMulticast.csproj", "{9D9BA69A-115D-49EC-A1B2-11DDB0410FDD}"
EndProject
Project("{FAE04EC0-301F-11D3-BF4B-00C04F79EFBC}") = "HermodMulticast", "Vanaheimr\Hermod\HermodMulticast\HermodMulticast.csproj", "{18360D99-87C2-479C-AB52-55D0BCA9B000}"
EndProject
Project("{FAE04EC0-301F-11D3-BF4B-00C04F79EFBC}") = "StyxTests", "Vanaheimr\Styx\StyxTests\StyxTests.csproj", "{6F2452F5-BF16-4577-9C5A-85C8D7B5289D}"
EndProject
Project("{FAE04EC0-301F-11D3-BF4B-00C04F79EFBC}") = "CommonsTests", "Vanaheimr\Illias\CommonsTests\CommonsTests.csproj", "{02A5F706-A9AC-46BE-A428-EA6F990D8E21}"
EndProject
Project("{FAE04EC0-301F-11D3-BF4B-00C04F79EFBC}") = "CommonsTests", "..\Illias\CommonsTests\CommonsTests.csproj", "{C627C63D-B304-4915-A8F3-51E5A0313C4B}"
EndProject
Global
	GlobalSection(SolutionConfigurationPlatforms) = preSolution
		Debug|Any CPU = Debug|Any CPU
		Debug|Mixed Platforms = Debug|Mixed Platforms
		Debug|x86 = Debug|x86
		Release|Any CPU = Release|Any CPU
		Release|Mixed Platforms = Release|Mixed Platforms
		Release|x86 = Release|x86
	EndGlobalSection
	GlobalSection(ProjectConfigurationPlatforms) = postSolution
		{47FA1E7C-8C47-493D-A371-91A15D53BC95}.Debug|Any CPU.ActiveCfg = Debug|Any CPU
		{47FA1E7C-8C47-493D-A371-91A15D53BC95}.Debug|Any CPU.Build.0 = Debug|Any CPU
		{47FA1E7C-8C47-493D-A371-91A15D53BC95}.Debug|Mixed Platforms.ActiveCfg = Debug|Any CPU
		{47FA1E7C-8C47-493D-A371-91A15D53BC95}.Debug|Mixed Platforms.Build.0 = Debug|Any CPU
		{47FA1E7C-8C47-493D-A371-91A15D53BC95}.Debug|x86.ActiveCfg = Debug|Any CPU
		{47FA1E7C-8C47-493D-A371-91A15D53BC95}.Release|Any CPU.ActiveCfg = Release|Any CPU
		{47FA1E7C-8C47-493D-A371-91A15D53BC95}.Release|Any CPU.Build.0 = Release|Any CPU
		{47FA1E7C-8C47-493D-A371-91A15D53BC95}.Release|Mixed Platforms.ActiveCfg = Release|Any CPU
		{47FA1E7C-8C47-493D-A371-91A15D53BC95}.Release|Mixed Platforms.Build.0 = Release|Any CPU
		{47FA1E7C-8C47-493D-A371-91A15D53BC95}.Release|x86.ActiveCfg = Release|Any CPU
		{477EFD16-3627-4473-957D-44CA9A9DFB79}.Debug|Any CPU.ActiveCfg = Debug|Any CPU
		{477EFD16-3627-4473-957D-44CA9A9DFB79}.Debug|Any CPU.Build.0 = Debug|Any CPU
		{477EFD16-3627-4473-957D-44CA9A9DFB79}.Debug|Mixed Platforms.ActiveCfg = Debug|Any CPU
		{477EFD16-3627-4473-957D-44CA9A9DFB79}.Debug|Mixed Platforms.Build.0 = Debug|Any CPU
		{477EFD16-3627-4473-957D-44CA9A9DFB79}.Debug|x86.ActiveCfg = Debug|Any CPU
		{477EFD16-3627-4473-957D-44CA9A9DFB79}.Release|Any CPU.ActiveCfg = Release|Any CPU
		{477EFD16-3627-4473-957D-44CA9A9DFB79}.Release|Any CPU.Build.0 = Release|Any CPU
		{477EFD16-3627-4473-957D-44CA9A9DFB79}.Release|Mixed Platforms.ActiveCfg = Release|Any CPU
		{477EFD16-3627-4473-957D-44CA9A9DFB79}.Release|Mixed Platforms.Build.0 = Release|Any CPU
		{477EFD16-3627-4473-957D-44CA9A9DFB79}.Release|x86.ActiveCfg = Release|Any CPU
		{1555E073-7EE7-4A62-852C-8D498184D43D}.Debug|Any CPU.ActiveCfg = Debug|Any CPU
		{1555E073-7EE7-4A62-852C-8D498184D43D}.Debug|Any CPU.Build.0 = Debug|Any CPU
		{1555E073-7EE7-4A62-852C-8D498184D43D}.Debug|Mixed Platforms.ActiveCfg = Debug|Any CPU
		{1555E073-7EE7-4A62-852C-8D498184D43D}.Debug|Mixed Platforms.Build.0 = Debug|Any CPU
		{1555E073-7EE7-4A62-852C-8D498184D43D}.Debug|x86.ActiveCfg = Debug|Any CPU
		{1555E073-7EE7-4A62-852C-8D498184D43D}.Release|Any CPU.ActiveCfg = Release|Any CPU
		{1555E073-7EE7-4A62-852C-8D498184D43D}.Release|Any CPU.Build.0 = Release|Any CPU
		{1555E073-7EE7-4A62-852C-8D498184D43D}.Release|Mixed Platforms.ActiveCfg = Release|Any CPU
		{1555E073-7EE7-4A62-852C-8D498184D43D}.Release|Mixed Platforms.Build.0 = Release|Any CPU
		{1555E073-7EE7-4A62-852C-8D498184D43D}.Release|x86.ActiveCfg = Release|Any CPU
		{562AC94F-60EA-4911-8C62-684F02867783}.Debug|Any CPU.ActiveCfg = Debug|Any CPU
		{562AC94F-60EA-4911-8C62-684F02867783}.Debug|Any CPU.Build.0 = Debug|Any CPU
		{562AC94F-60EA-4911-8C62-684F02867783}.Debug|Mixed Platforms.ActiveCfg = Debug|Any CPU
		{562AC94F-60EA-4911-8C62-684F02867783}.Debug|Mixed Platforms.Build.0 = Debug|Any CPU
		{562AC94F-60EA-4911-8C62-684F02867783}.Debug|x86.ActiveCfg = Debug|Any CPU
		{562AC94F-60EA-4911-8C62-684F02867783}.Release|Any CPU.ActiveCfg = Release|Any CPU
		{562AC94F-60EA-4911-8C62-684F02867783}.Release|Any CPU.Build.0 = Release|Any CPU
		{562AC94F-60EA-4911-8C62-684F02867783}.Release|Mixed Platforms.ActiveCfg = Release|Any CPU
		{562AC94F-60EA-4911-8C62-684F02867783}.Release|Mixed Platforms.Build.0 = Release|Any CPU
		{562AC94F-60EA-4911-8C62-684F02867783}.Release|x86.ActiveCfg = Release|Any CPU
		{3949790D-8591-4101-9E4D-CE7A758E7409}.Debug|Any CPU.ActiveCfg = Debug|Any CPU
		{3949790D-8591-4101-9E4D-CE7A758E7409}.Debug|Any CPU.Build.0 = Debug|Any CPU
		{3949790D-8591-4101-9E4D-CE7A758E7409}.Debug|Mixed Platforms.ActiveCfg = Debug|Any CPU
		{3949790D-8591-4101-9E4D-CE7A758E7409}.Debug|Mixed Platforms.Build.0 = Debug|Any CPU
		{3949790D-8591-4101-9E4D-CE7A758E7409}.Debug|x86.ActiveCfg = Debug|Any CPU
		{3949790D-8591-4101-9E4D-CE7A758E7409}.Release|Any CPU.ActiveCfg = Release|Any CPU
		{3949790D-8591-4101-9E4D-CE7A758E7409}.Release|Any CPU.Build.0 = Release|Any CPU
		{3949790D-8591-4101-9E4D-CE7A758E7409}.Release|Mixed Platforms.ActiveCfg = Release|Any CPU
		{3949790D-8591-4101-9E4D-CE7A758E7409}.Release|Mixed Platforms.Build.0 = Release|Any CPU
		{3949790D-8591-4101-9E4D-CE7A758E7409}.Release|x86.ActiveCfg = Release|Any CPU
		{16C85DF8-5DE6-4A9F-9FC7-7CA5B0440DF3}.Debug|Any CPU.ActiveCfg = Debug|Any CPU
		{16C85DF8-5DE6-4A9F-9FC7-7CA5B0440DF3}.Debug|Any CPU.Build.0 = Debug|Any CPU
		{16C85DF8-5DE6-4A9F-9FC7-7CA5B0440DF3}.Debug|Mixed Platforms.ActiveCfg = Debug|Any CPU
		{16C85DF8-5DE6-4A9F-9FC7-7CA5B0440DF3}.Debug|Mixed Platforms.Build.0 = Debug|Any CPU
		{16C85DF8-5DE6-4A9F-9FC7-7CA5B0440DF3}.Debug|x86.ActiveCfg = Debug|Any CPU
		{16C85DF8-5DE6-4A9F-9FC7-7CA5B0440DF3}.Release|Any CPU.ActiveCfg = Release|Any CPU
		{16C85DF8-5DE6-4A9F-9FC7-7CA5B0440DF3}.Release|Any CPU.Build.0 = Release|Any CPU
		{16C85DF8-5DE6-4A9F-9FC7-7CA5B0440DF3}.Release|Mixed Platforms.ActiveCfg = Release|Any CPU
		{16C85DF8-5DE6-4A9F-9FC7-7CA5B0440DF3}.Release|Mixed Platforms.Build.0 = Release|Any CPU
		{16C85DF8-5DE6-4A9F-9FC7-7CA5B0440DF3}.Release|x86.ActiveCfg = Release|Any CPU
		{9F38DCC9-CD80-4B71-8A9C-B3F37E471CAB}.Debug|Any CPU.ActiveCfg = Debug|Any CPU
		{9F38DCC9-CD80-4B71-8A9C-B3F37E471CAB}.Debug|Any CPU.Build.0 = Debug|Any CPU
		{9F38DCC9-CD80-4B71-8A9C-B3F37E471CAB}.Debug|Mixed Platforms.ActiveCfg = Debug|Any CPU
		{9F38DCC9-CD80-4B71-8A9C-B3F37E471CAB}.Debug|Mixed Platforms.Build.0 = Debug|Any CPU
		{9F38DCC9-CD80-4B71-8A9C-B3F37E471CAB}.Debug|x86.ActiveCfg = Debug|Any CPU
		{9F38DCC9-CD80-4B71-8A9C-B3F37E471CAB}.Release|Any CPU.ActiveCfg = Release|Any CPU
		{9F38DCC9-CD80-4B71-8A9C-B3F37E471CAB}.Release|Any CPU.Build.0 = Release|Any CPU
		{9F38DCC9-CD80-4B71-8A9C-B3F37E471CAB}.Release|Mixed Platforms.ActiveCfg = Release|Any CPU
		{9F38DCC9-CD80-4B71-8A9C-B3F37E471CAB}.Release|Mixed Platforms.Build.0 = Release|Any CPU
		{9F38DCC9-CD80-4B71-8A9C-B3F37E471CAB}.Release|x86.ActiveCfg = Release|Any CPU
		{1DF1A588-33B1-4168-9487-604FE5680681}.Debug|Any CPU.ActiveCfg = Debug|Any CPU
		{1DF1A588-33B1-4168-9487-604FE5680681}.Debug|Any CPU.Build.0 = Debug|Any CPU
		{1DF1A588-33B1-4168-9487-604FE5680681}.Debug|Mixed Platforms.ActiveCfg = Debug|Any CPU
		{1DF1A588-33B1-4168-9487-604FE5680681}.Debug|Mixed Platforms.Build.0 = Debug|Any CPU
		{1DF1A588-33B1-4168-9487-604FE5680681}.Debug|x86.ActiveCfg = Debug|Any CPU
		{1DF1A588-33B1-4168-9487-604FE5680681}.Release|Any CPU.ActiveCfg = Release|Any CPU
		{1DF1A588-33B1-4168-9487-604FE5680681}.Release|Any CPU.Build.0 = Release|Any CPU
		{1DF1A588-33B1-4168-9487-604FE5680681}.Release|Mixed Platforms.ActiveCfg = Release|Any CPU
		{1DF1A588-33B1-4168-9487-604FE5680681}.Release|Mixed Platforms.Build.0 = Release|Any CPU
		{1DF1A588-33B1-4168-9487-604FE5680681}.Release|x86.ActiveCfg = Release|Any CPU
		{9CE48DAC-0512-4947-942B-EF4C42C52B47}.Debug|Any CPU.ActiveCfg = Debug|Any CPU
		{9CE48DAC-0512-4947-942B-EF4C42C52B47}.Debug|Any CPU.Build.0 = Debug|Any CPU
		{9CE48DAC-0512-4947-942B-EF4C42C52B47}.Debug|Mixed Platforms.ActiveCfg = Debug|Any CPU
		{9CE48DAC-0512-4947-942B-EF4C42C52B47}.Debug|Mixed Platforms.Build.0 = Debug|Any CPU
		{9CE48DAC-0512-4947-942B-EF4C42C52B47}.Debug|x86.ActiveCfg = Debug|Any CPU
		{9CE48DAC-0512-4947-942B-EF4C42C52B47}.Release|Any CPU.ActiveCfg = Release|Any CPU
		{9CE48DAC-0512-4947-942B-EF4C42C52B47}.Release|Any CPU.Build.0 = Release|Any CPU
		{9CE48DAC-0512-4947-942B-EF4C42C52B47}.Release|Mixed Platforms.ActiveCfg = Release|Any CPU
		{9CE48DAC-0512-4947-942B-EF4C42C52B47}.Release|Mixed Platforms.Build.0 = Release|Any CPU
		{9CE48DAC-0512-4947-942B-EF4C42C52B47}.Release|x86.ActiveCfg = Release|Any CPU
		{9A00BD39-1385-4DB4-8F38-363BB947CCB4}.Debug|Any CPU.ActiveCfg = Debug|Any CPU
		{9A00BD39-1385-4DB4-8F38-363BB947CCB4}.Debug|Any CPU.Build.0 = Debug|Any CPU
		{9A00BD39-1385-4DB4-8F38-363BB947CCB4}.Debug|Mixed Platforms.ActiveCfg = Debug|Any CPU
		{9A00BD39-1385-4DB4-8F38-363BB947CCB4}.Debug|Mixed Platforms.Build.0 = Debug|Any CPU
		{9A00BD39-1385-4DB4-8F38-363BB947CCB4}.Debug|x86.ActiveCfg = Debug|Any CPU
		{9A00BD39-1385-4DB4-8F38-363BB947CCB4}.Release|Any CPU.ActiveCfg = Release|Any CPU
		{9A00BD39-1385-4DB4-8F38-363BB947CCB4}.Release|Any CPU.Build.0 = Release|Any CPU
		{9A00BD39-1385-4DB4-8F38-363BB947CCB4}.Release|Mixed Platforms.ActiveCfg = Release|Any CPU
		{9A00BD39-1385-4DB4-8F38-363BB947CCB4}.Release|Mixed Platforms.Build.0 = Release|Any CPU
		{9A00BD39-1385-4DB4-8F38-363BB947CCB4}.Release|x86.ActiveCfg = Release|Any CPU
		{DC46B5EF-ECC5-465E-B1C4-85596343A03F}.Debug|Any CPU.ActiveCfg = Debug|Any CPU
		{DC46B5EF-ECC5-465E-B1C4-85596343A03F}.Debug|Any CPU.Build.0 = Debug|Any CPU
		{DC46B5EF-ECC5-465E-B1C4-85596343A03F}.Debug|Mixed Platforms.ActiveCfg = Debug|Any CPU
		{DC46B5EF-ECC5-465E-B1C4-85596343A03F}.Debug|Mixed Platforms.Build.0 = Debug|Any CPU
		{DC46B5EF-ECC5-465E-B1C4-85596343A03F}.Debug|x86.ActiveCfg = Debug|Any CPU
		{DC46B5EF-ECC5-465E-B1C4-85596343A03F}.Release|Any CPU.ActiveCfg = Release|Any CPU
		{DC46B5EF-ECC5-465E-B1C4-85596343A03F}.Release|Any CPU.Build.0 = Release|Any CPU
		{DC46B5EF-ECC5-465E-B1C4-85596343A03F}.Release|Mixed Platforms.ActiveCfg = Release|Any CPU
		{DC46B5EF-ECC5-465E-B1C4-85596343A03F}.Release|Mixed Platforms.Build.0 = Release|Any CPU
		{DC46B5EF-ECC5-465E-B1C4-85596343A03F}.Release|x86.ActiveCfg = Release|Any CPU
		{F6FA73F9-14B4-4033-AAFE-9BFA66BD98F5}.Debug|Any CPU.ActiveCfg = Debug|Any CPU
		{F6FA73F9-14B4-4033-AAFE-9BFA66BD98F5}.Debug|Any CPU.Build.0 = Debug|Any CPU
		{F6FA73F9-14B4-4033-AAFE-9BFA66BD98F5}.Debug|Mixed Platforms.ActiveCfg = Debug|Any CPU
		{F6FA73F9-14B4-4033-AAFE-9BFA66BD98F5}.Debug|Mixed Platforms.Build.0 = Debug|Any CPU
		{F6FA73F9-14B4-4033-AAFE-9BFA66BD98F5}.Debug|x86.ActiveCfg = Debug|Any CPU
		{F6FA73F9-14B4-4033-AAFE-9BFA66BD98F5}.Release|Any CPU.ActiveCfg = Release|Any CPU
		{F6FA73F9-14B4-4033-AAFE-9BFA66BD98F5}.Release|Any CPU.Build.0 = Release|Any CPU
		{F6FA73F9-14B4-4033-AAFE-9BFA66BD98F5}.Release|Mixed Platforms.ActiveCfg = Release|Any CPU
		{F6FA73F9-14B4-4033-AAFE-9BFA66BD98F5}.Release|Mixed Platforms.Build.0 = Release|Any CPU
		{F6FA73F9-14B4-4033-AAFE-9BFA66BD98F5}.Release|x86.ActiveCfg = Release|Any CPU
		{0AB343E8-AA69-4685-9676-BFA27E418A20}.Debug|Any CPU.ActiveCfg = Debug|Any CPU
		{0AB343E8-AA69-4685-9676-BFA27E418A20}.Debug|Any CPU.Build.0 = Debug|Any CPU
		{0AB343E8-AA69-4685-9676-BFA27E418A20}.Debug|Mixed Platforms.ActiveCfg = Debug|Any CPU
		{0AB343E8-AA69-4685-9676-BFA27E418A20}.Debug|Mixed Platforms.Build.0 = Debug|Any CPU
		{0AB343E8-AA69-4685-9676-BFA27E418A20}.Debug|x86.ActiveCfg = Debug|Any CPU
		{0AB343E8-AA69-4685-9676-BFA27E418A20}.Release|Any CPU.ActiveCfg = Release|Any CPU
		{0AB343E8-AA69-4685-9676-BFA27E418A20}.Release|Any CPU.Build.0 = Release|Any CPU
		{0AB343E8-AA69-4685-9676-BFA27E418A20}.Release|Mixed Platforms.ActiveCfg = Release|Any CPU
		{0AB343E8-AA69-4685-9676-BFA27E418A20}.Release|Mixed Platforms.Build.0 = Release|Any CPU
		{0AB343E8-AA69-4685-9676-BFA27E418A20}.Release|x86.ActiveCfg = Release|Any CPU
		{8F1ABEE3-CFF0-47D6-A872-25112A74CCDA}.Debug|Any CPU.ActiveCfg = Debug|Any CPU
		{8F1ABEE3-CFF0-47D6-A872-25112A74CCDA}.Debug|Any CPU.Build.0 = Debug|Any CPU
		{8F1ABEE3-CFF0-47D6-A872-25112A74CCDA}.Debug|Mixed Platforms.ActiveCfg = Debug|Any CPU
		{8F1ABEE3-CFF0-47D6-A872-25112A74CCDA}.Debug|Mixed Platforms.Build.0 = Debug|Any CPU
		{8F1ABEE3-CFF0-47D6-A872-25112A74CCDA}.Debug|x86.ActiveCfg = Debug|Any CPU
		{8F1ABEE3-CFF0-47D6-A872-25112A74CCDA}.Release|Any CPU.ActiveCfg = Release|Any CPU
		{8F1ABEE3-CFF0-47D6-A872-25112A74CCDA}.Release|Any CPU.Build.0 = Release|Any CPU
		{8F1ABEE3-CFF0-47D6-A872-25112A74CCDA}.Release|Mixed Platforms.ActiveCfg = Release|Any CPU
		{8F1ABEE3-CFF0-47D6-A872-25112A74CCDA}.Release|Mixed Platforms.Build.0 = Release|Any CPU
		{8F1ABEE3-CFF0-47D6-A872-25112A74CCDA}.Release|x86.ActiveCfg = Release|Any CPU
		{EB31E37B-FA75-44FD-9528-171C9E7C3C37}.Debug|Any CPU.ActiveCfg = Debug|Any CPU
		{EB31E37B-FA75-44FD-9528-171C9E7C3C37}.Debug|Any CPU.Build.0 = Debug|Any CPU
		{EB31E37B-FA75-44FD-9528-171C9E7C3C37}.Debug|Mixed Platforms.ActiveCfg = Debug|Any CPU
		{EB31E37B-FA75-44FD-9528-171C9E7C3C37}.Debug|Mixed Platforms.Build.0 = Debug|Any CPU
		{EB31E37B-FA75-44FD-9528-171C9E7C3C37}.Debug|x86.ActiveCfg = Debug|Any CPU
		{EB31E37B-FA75-44FD-9528-171C9E7C3C37}.Release|Any CPU.ActiveCfg = Release|Any CPU
		{EB31E37B-FA75-44FD-9528-171C9E7C3C37}.Release|Any CPU.Build.0 = Release|Any CPU
		{EB31E37B-FA75-44FD-9528-171C9E7C3C37}.Release|Mixed Platforms.ActiveCfg = Release|Any CPU
		{EB31E37B-FA75-44FD-9528-171C9E7C3C37}.Release|Mixed Platforms.Build.0 = Release|Any CPU
		{EB31E37B-FA75-44FD-9528-171C9E7C3C37}.Release|x86.ActiveCfg = Release|Any CPU
		{3327427D-AFA0-4E8D-8136-424C4AC4C16D}.Debug|Any CPU.ActiveCfg = Debug|Any CPU
		{3327427D-AFA0-4E8D-8136-424C4AC4C16D}.Debug|Any CPU.Build.0 = Debug|Any CPU
		{3327427D-AFA0-4E8D-8136-424C4AC4C16D}.Debug|Mixed Platforms.ActiveCfg = Debug|Any CPU
		{3327427D-AFA0-4E8D-8136-424C4AC4C16D}.Debug|Mixed Platforms.Build.0 = Debug|Any CPU
		{3327427D-AFA0-4E8D-8136-424C4AC4C16D}.Debug|x86.ActiveCfg = Debug|Any CPU
		{3327427D-AFA0-4E8D-8136-424C4AC4C16D}.Release|Any CPU.ActiveCfg = Release|Any CPU
		{3327427D-AFA0-4E8D-8136-424C4AC4C16D}.Release|Any CPU.Build.0 = Release|Any CPU
		{3327427D-AFA0-4E8D-8136-424C4AC4C16D}.Release|Mixed Platforms.ActiveCfg = Release|Any CPU
		{3327427D-AFA0-4E8D-8136-424C4AC4C16D}.Release|Mixed Platforms.Build.0 = Release|Any CPU
		{3327427D-AFA0-4E8D-8136-424C4AC4C16D}.Release|x86.ActiveCfg = Release|Any CPU
		{9B109B9C-4B72-4BDB-B531-627D7E93011E}.Debug|Any CPU.ActiveCfg = Debug|Any CPU
		{9B109B9C-4B72-4BDB-B531-627D7E93011E}.Debug|Any CPU.Build.0 = Debug|Any CPU
		{9B109B9C-4B72-4BDB-B531-627D7E93011E}.Debug|Mixed Platforms.ActiveCfg = Debug|Any CPU
		{9B109B9C-4B72-4BDB-B531-627D7E93011E}.Debug|Mixed Platforms.Build.0 = Debug|Any CPU
		{9B109B9C-4B72-4BDB-B531-627D7E93011E}.Debug|x86.ActiveCfg = Debug|Any CPU
		{9B109B9C-4B72-4BDB-B531-627D7E93011E}.Release|Any CPU.ActiveCfg = Release|Any CPU
		{9B109B9C-4B72-4BDB-B531-627D7E93011E}.Release|Any CPU.Build.0 = Release|Any CPU
		{9B109B9C-4B72-4BDB-B531-627D7E93011E}.Release|Mixed Platforms.ActiveCfg = Release|Any CPU
		{9B109B9C-4B72-4BDB-B531-627D7E93011E}.Release|Mixed Platforms.Build.0 = Release|Any CPU
		{9B109B9C-4B72-4BDB-B531-627D7E93011E}.Release|x86.ActiveCfg = Release|Any CPU
		{D2B4E7C7-0524-4DE5-9D62-2DE05682A74D}.Debug|Any CPU.ActiveCfg = Debug|Any CPU
		{D2B4E7C7-0524-4DE5-9D62-2DE05682A74D}.Debug|Any CPU.Build.0 = Debug|Any CPU
		{D2B4E7C7-0524-4DE5-9D62-2DE05682A74D}.Debug|Mixed Platforms.ActiveCfg = Debug|Any CPU
		{D2B4E7C7-0524-4DE5-9D62-2DE05682A74D}.Debug|Mixed Platforms.Build.0 = Debug|Any CPU
		{D2B4E7C7-0524-4DE5-9D62-2DE05682A74D}.Debug|x86.ActiveCfg = Debug|Any CPU
		{D2B4E7C7-0524-4DE5-9D62-2DE05682A74D}.Release|Any CPU.ActiveCfg = Release|Any CPU
		{D2B4E7C7-0524-4DE5-9D62-2DE05682A74D}.Release|Any CPU.Build.0 = Release|Any CPU
		{D2B4E7C7-0524-4DE5-9D62-2DE05682A74D}.Release|Mixed Platforms.ActiveCfg = Release|Any CPU
		{D2B4E7C7-0524-4DE5-9D62-2DE05682A74D}.Release|Mixed Platforms.Build.0 = Release|Any CPU
		{D2B4E7C7-0524-4DE5-9D62-2DE05682A74D}.Release|x86.ActiveCfg = Release|Any CPU
		{9D9BA69A-115D-49EC-A1B2-11DDB0410FDD}.Debug|Any CPU.ActiveCfg = Debug|Any CPU
		{9D9BA69A-115D-49EC-A1B2-11DDB0410FDD}.Debug|Any CPU.Build.0 = Debug|Any CPU
		{9D9BA69A-115D-49EC-A1B2-11DDB0410FDD}.Debug|Mixed Platforms.ActiveCfg = Debug|Any CPU
		{9D9BA69A-115D-49EC-A1B2-11DDB0410FDD}.Debug|Mixed Platforms.Build.0 = Debug|Any CPU
		{9D9BA69A-115D-49EC-A1B2-11DDB0410FDD}.Debug|x86.ActiveCfg = Debug|Any CPU
		{9D9BA69A-115D-49EC-A1B2-11DDB0410FDD}.Release|Any CPU.ActiveCfg = Release|Any CPU
		{9D9BA69A-115D-49EC-A1B2-11DDB0410FDD}.Release|Any CPU.Build.0 = Release|Any CPU
		{9D9BA69A-115D-49EC-A1B2-11DDB0410FDD}.Release|Mixed Platforms.ActiveCfg = Release|Any CPU
		{9D9BA69A-115D-49EC-A1B2-11DDB0410FDD}.Release|Mixed Platforms.Build.0 = Release|Any CPU
		{9D9BA69A-115D-49EC-A1B2-11DDB0410FDD}.Release|x86.ActiveCfg = Release|Any CPU
		{18360D99-87C2-479C-AB52-55D0BCA9B000}.Debug|Any CPU.ActiveCfg = Debug|Any CPU
		{18360D99-87C2-479C-AB52-55D0BCA9B000}.Debug|Any CPU.Build.0 = Debug|Any CPU
		{18360D99-87C2-479C-AB52-55D0BCA9B000}.Debug|Mixed Platforms.ActiveCfg = Debug|Any CPU
		{18360D99-87C2-479C-AB52-55D0BCA9B000}.Debug|Mixed Platforms.Build.0 = Debug|Any CPU
		{18360D99-87C2-479C-AB52-55D0BCA9B000}.Debug|x86.ActiveCfg = Debug|Any CPU
		{18360D99-87C2-479C-AB52-55D0BCA9B000}.Release|Any CPU.ActiveCfg = Release|Any CPU
		{18360D99-87C2-479C-AB52-55D0BCA9B000}.Release|Any CPU.Build.0 = Release|Any CPU
		{18360D99-87C2-479C-AB52-55D0BCA9B000}.Release|Mixed Platforms.ActiveCfg = Release|Any CPU
		{18360D99-87C2-479C-AB52-55D0BCA9B000}.Release|Mixed Platforms.Build.0 = Release|Any CPU
		{18360D99-87C2-479C-AB52-55D0BCA9B000}.Release|x86.ActiveCfg = Release|Any CPU
		{6F2452F5-BF16-4577-9C5A-85C8D7B5289D}.Debug|Any CPU.ActiveCfg = Debug|Any CPU
		{6F2452F5-BF16-4577-9C5A-85C8D7B5289D}.Debug|Any CPU.Build.0 = Debug|Any CPU
		{6F2452F5-BF16-4577-9C5A-85C8D7B5289D}.Debug|Mixed Platforms.ActiveCfg = Debug|Any CPU
		{6F2452F5-BF16-4577-9C5A-85C8D7B5289D}.Debug|Mixed Platforms.Build.0 = Debug|Any CPU
		{6F2452F5-BF16-4577-9C5A-85C8D7B5289D}.Debug|x86.ActiveCfg = Debug|Any CPU
		{6F2452F5-BF16-4577-9C5A-85C8D7B5289D}.Release|Any CPU.ActiveCfg = Release|Any CPU
		{6F2452F5-BF16-4577-9C5A-85C8D7B5289D}.Release|Any CPU.Build.0 = Release|Any CPU
		{6F2452F5-BF16-4577-9C5A-85C8D7B5289D}.Release|Mixed Platforms.ActiveCfg = Release|Any CPU
		{6F2452F5-BF16-4577-9C5A-85C8D7B5289D}.Release|Mixed Platforms.Build.0 = Release|Any CPU
		{6F2452F5-BF16-4577-9C5A-85C8D7B5289D}.Release|x86.ActiveCfg = Release|Any CPU
		{02A5F706-A9AC-46BE-A428-EA6F990D8E21}.Debug|Any CPU.ActiveCfg = Debug|Any CPU
		{02A5F706-A9AC-46BE-A428-EA6F990D8E21}.Debug|Any CPU.Build.0 = Debug|Any CPU
		{02A5F706-A9AC-46BE-A428-EA6F990D8E21}.Debug|Mixed Platforms.ActiveCfg = Debug|Any CPU
		{02A5F706-A9AC-46BE-A428-EA6F990D8E21}.Debug|Mixed Platforms.Build.0 = Debug|Any CPU
		{02A5F706-A9AC-46BE-A428-EA6F990D8E21}.Debug|x86.ActiveCfg = Debug|Any CPU
		{02A5F706-A9AC-46BE-A428-EA6F990D8E21}.Release|Any CPU.ActiveCfg = Release|Any CPU
		{02A5F706-A9AC-46BE-A428-EA6F990D8E21}.Release|Any CPU.Build.0 = Release|Any CPU
		{02A5F706-A9AC-46BE-A428-EA6F990D8E21}.Release|Mixed Platforms.ActiveCfg = Release|Any CPU
		{02A5F706-A9AC-46BE-A428-EA6F990D8E21}.Release|Mixed Platforms.Build.0 = Release|Any CPU
		{02A5F706-A9AC-46BE-A428-EA6F990D8E21}.Release|x86.ActiveCfg = Release|Any CPU
		{C627C63D-B304-4915-A8F3-51E5A0313C4B}.Debug|Any CPU.ActiveCfg = Debug|Any CPU
		{C627C63D-B304-4915-A8F3-51E5A0313C4B}.Debug|Any CPU.Build.0 = Debug|Any CPU
		{C627C63D-B304-4915-A8F3-51E5A0313C4B}.Debug|Mixed Platforms.ActiveCfg = Debug|Any CPU
		{C627C63D-B304-4915-A8F3-51E5A0313C4B}.Debug|Mixed Platforms.Build.0 = Debug|Any CPU
		{C627C63D-B304-4915-A8F3-51E5A0313C4B}.Debug|x86.ActiveCfg = Debug|Any CPU
		{C627C63D-B304-4915-A8F3-51E5A0313C4B}.Release|Any CPU.ActiveCfg = Release|Any CPU
		{C627C63D-B304-4915-A8F3-51E5A0313C4B}.Release|Any CPU.Build.0 = Release|Any CPU
		{C627C63D-B304-4915-A8F3-51E5A0313C4B}.Release|Mixed Platforms.ActiveCfg = Release|Any CPU
		{C627C63D-B304-4915-A8F3-51E5A0313C4B}.Release|Mixed Platforms.Build.0 = Release|Any CPU
		{C627C63D-B304-4915-A8F3-51E5A0313C4B}.Release|x86.ActiveCfg = Release|Any CPU
	EndGlobalSection
	GlobalSection(SolutionProperties) = preSolution
		HideSolutionNode = FALSE
	EndGlobalSection
	GlobalSection(NestedProjects) = preSolution
		{E79EA82D-417B-4606-8A10-D9EB1DC7EA5D} = {ECF48D70-4A13-43A9-9979-8CAD936B5AB1}
		{1F6E5294-6655-456A-BC02-BC44DA0E02E5} = {ECF48D70-4A13-43A9-9979-8CAD936B5AB1}
		{3949790D-8591-4101-9E4D-CE7A758E7409} = {ECF48D70-4A13-43A9-9979-8CAD936B5AB1}
		{16C85DF8-5DE6-4A9F-9FC7-7CA5B0440DF3} = {ECF48D70-4A13-43A9-9979-8CAD936B5AB1}
		{477EFD16-3627-4473-957D-44CA9A9DFB79} = {E79EA82D-417B-4606-8A10-D9EB1DC7EA5D}
		{9CE48DAC-0512-4947-942B-EF4C42C52B47} = {E79EA82D-417B-4606-8A10-D9EB1DC7EA5D}
		{9A00BD39-1385-4DB4-8F38-363BB947CCB4} = {E79EA82D-417B-4606-8A10-D9EB1DC7EA5D}
		{DC46B5EF-ECC5-465E-B1C4-85596343A03F} = {E79EA82D-417B-4606-8A10-D9EB1DC7EA5D}
		{F6FA73F9-14B4-4033-AAFE-9BFA66BD98F5} = {E79EA82D-417B-4606-8A10-D9EB1DC7EA5D}
		{0AB343E8-AA69-4685-9676-BFA27E418A20} = {E79EA82D-417B-4606-8A10-D9EB1DC7EA5D}
		{EB31E37B-FA75-44FD-9528-171C9E7C3C37} = {E79EA82D-417B-4606-8A10-D9EB1DC7EA5D}
		{9D9BA69A-115D-49EC-A1B2-11DDB0410FDD} = {E79EA82D-417B-4606-8A10-D9EB1DC7EA5D}
		{18360D99-87C2-479C-AB52-55D0BCA9B000} = {E79EA82D-417B-4606-8A10-D9EB1DC7EA5D}
		{562AC94F-60EA-4911-8C62-684F02867783} = {1F6E5294-6655-456A-BC02-BC44DA0E02E5}
		{9F38DCC9-CD80-4B71-8A9C-B3F37E471CAB} = {1F6E5294-6655-456A-BC02-BC44DA0E02E5}
		{1DF1A588-33B1-4168-9487-604FE5680681} = {1F6E5294-6655-456A-BC02-BC44DA0E02E5}
		{47FA1E7C-8C47-493D-A371-91A15D53BC95} = {1F6E5294-6655-456A-BC02-BC44DA0E02E5}
		{9B109B9C-4B72-4BDB-B531-627D7E93011E} = {1F6E5294-6655-456A-BC02-BC44DA0E02E5}
		{D2B4E7C7-0524-4DE5-9D62-2DE05682A74D} = {1F6E5294-6655-456A-BC02-BC44DA0E02E5}
		{7AAF0920-1D35-4DA0-8299-ECBEB0FE20EB} = {8D9FA4FD-6E37-4226-B6E6-7FC302D114F7}
		{6F2452F5-BF16-4577-9C5A-85C8D7B5289D} = {8D9FA4FD-6E37-4226-B6E6-7FC302D114F7}
		{C627C63D-B304-4915-A8F3-51E5A0313C4B} = {8D9FA4FD-6E37-4226-B6E6-7FC302D114F7}
		{3327427D-AFA0-4E8D-8136-424C4AC4C16D} = {7AAF0920-1D35-4DA0-8299-ECBEB0FE20EB}
		{8F1ABEE3-CFF0-47D6-A872-25112A74CCDA} = {7AAF0920-1D35-4DA0-8299-ECBEB0FE20EB}
		{02A5F706-A9AC-46BE-A428-EA6F990D8E21} = {7AAF0920-1D35-4DA0-8299-ECBEB0FE20EB}
	EndGlobalSection
EndGlobal
